
Microsoft Visual Studio Solution File, Format Version 12.00
# Visual Studio 15
VisualStudioVersion = 15.0.28307.902
MinimumVisualStudioVersion = 10.0.40219.1
Project("{FAE04EC0-301F-11D3-BF4B-00C04F79EFBC}") = "PdfUrlViewTool", "PdfUrlViewTool\PdfUrlViewTool.csproj", "{56F56E80-CBB6-4CB5-BB81-8E7223767FD5}"
EndProject
Global
	GlobalSection(SolutionConfigurationPlatforms) = preSolution
		Debug|Any CPU = Debug|Any CPU
		Release|Any CPU = Release|Any CPU
	EndGlobalSection
	GlobalSection(ProjectConfigurationPlatforms) = postSolution
		{56F56E80-CBB6-4CB5-BB81-8E7223767FD5}.Debug|Any CPU.ActiveCfg = Debug|Any CPU
		{56F56E80-CBB6-4CB5-BB81-8E7223767FD5}.Debug|Any CPU.Build.0 = Debug|Any CPU
		{56F56E80-CBB6-4CB5-BB81-8E7223767FD5}.Release|Any CPU.ActiveCfg = Release|Any CPU
		{56F56E80-CBB6-4CB5-BB81-8E7223767FD5}.Release|Any CPU.Build.0 = Release|Any CPU
	EndGlobalSection
	GlobalSection(SolutionProperties) = preSolution
		HideSolutionNode = FALSE
	EndGlobalSection
	GlobalSection(ExtensibilityGlobals) = postSolution
		SolutionGuid = {03A7CBC0-B9A2-44D7-B120-37B31237E6DF}
	EndGlobalSection
EndGlobal
